
Microsoft Visual Studio Solution File, Format Version 12.00
# Visual Studio 2017
Project("{FAE04EC0-301F-11D3-BF4B-00C04F79EFBC}") = "PlatformerTest1.Plugins", "PlatformerTest1.Plugins.csproj", "{6ABB7A97-303B-4C36-D666-AE7773A7E158}"
EndProject
Project("{FAE04EC0-301F-11D3-BF4B-00C04F79EFBC}") = "PlatformerTest1", "PlatformerTest1.csproj", "{5639F619-8DDA-FA64-3E7B-629868C7A31B}"
EndProject
Project("{FAE04EC0-301F-11D3-BF4B-00C04F79EFBC}") = "PlatformerTest1.Editor.Plugins", "PlatformerTest1.Editor.Plugins.csproj", "{7083A5EA-5D61-0C64-D2C2-1B495E407F4B}"
EndProject
Project("{FAE04EC0-301F-11D3-BF4B-00C04F79EFBC}") = "PlatformerTest1.Editor", "PlatformerTest1.Editor.csproj", "{4311E3E4-78FC-B387-9C8F-A6F19FF16437}"
EndProject
Global
	GlobalSection(SolutionConfigurationPlatforms) = preSolution
		Debug|Any CPU = Debug|Any CPU
		Release|Any CPU = Release|Any CPU
	EndGlobalSection
	GlobalSection(ProjectConfigurationPlatforms) = postSolution
		{6ABB7A97-303B-4C36-D666-AE7773A7E158}.Debug|Any CPU.ActiveCfg = Debug|Any CPU
		{6ABB7A97-303B-4C36-D666-AE7773A7E158}.Debug|Any CPU.Build.0 = Debug|Any CPU
		{6ABB7A97-303B-4C36-D666-AE7773A7E158}.Release|Any CPU.ActiveCfg = Release|Any CPU
		{6ABB7A97-303B-4C36-D666-AE7773A7E158}.Release|Any CPU.Build.0 = Release|Any CPU
		{5639F619-8DDA-FA64-3E7B-629868C7A31B}.Debug|Any CPU.ActiveCfg = Debug|Any CPU
		{5639F619-8DDA-FA64-3E7B-629868C7A31B}.Debug|Any CPU.Build.0 = Debug|Any CPU
		{5639F619-8DDA-FA64-3E7B-629868C7A31B}.Release|Any CPU.ActiveCfg = Release|Any CPU
		{5639F619-8DDA-FA64-3E7B-629868C7A31B}.Release|Any CPU.Build.0 = Release|Any CPU
		{7083A5EA-5D61-0C64-D2C2-1B495E407F4B}.Debug|Any CPU.ActiveCfg = Debug|Any CPU
		{7083A5EA-5D61-0C64-D2C2-1B495E407F4B}.Debug|Any CPU.Build.0 = Debug|Any CPU
		{7083A5EA-5D61-0C64-D2C2-1B495E407F4B}.Release|Any CPU.ActiveCfg = Release|Any CPU
		{7083A5EA-5D61-0C64-D2C2-1B495E407F4B}.Release|Any CPU.Build.0 = Release|Any CPU
		{4311E3E4-78FC-B387-9C8F-A6F19FF16437}.Debug|Any CPU.ActiveCfg = Debug|Any CPU
		{4311E3E4-78FC-B387-9C8F-A6F19FF16437}.Debug|Any CPU.Build.0 = Debug|Any CPU
		{4311E3E4-78FC-B387-9C8F-A6F19FF16437}.Release|Any CPU.ActiveCfg = Release|Any CPU
		{4311E3E4-78FC-B387-9C8F-A6F19FF16437}.Release|Any CPU.Build.0 = Release|Any CPU
	EndGlobalSection
	GlobalSection(SolutionProperties) = preSolution
		HideSolutionNode = FALSE
	EndGlobalSection
EndGlobal
